
Microsoft Visual Studio Solution File, Format Version 12.00
# Visual Studio Version 17
VisualStudioVersion = 17.9.34622.214
MinimumVisualStudioVersion = 10.0.40219.1
Project("{2150E333-8FDC-42A3-9474-1A3956D46DE8}") = "src", "src", "{9D470317-AFA0-4EA1-9DBB-1FFEDBEDF6E9}"
EndProject
Project("{2150E333-8FDC-42A3-9474-1A3956D46DE8}") = "01-API", "01-API", "{88570DCC-49E3-4F99-8BF0-33A5F96376FD}"
EndProject
Project("{FAE04EC0-301F-11D3-BF4B-00C04F79EFBC}") = "NSGE.API", "NSGE.API\NSGE.API.csproj", "{1486FFCD-19D3-4DA2-95F0-31B7B787F2FD}"
EndProject
Project("{2150E333-8FDC-42A3-9474-1A3956D46DE8}") = "02-Domain", "02-Domain", "{5ED30FBC-E0A1-4FE7-86A9-26C40E9BA1C7}"
EndProject
Project("{2150E333-8FDC-42A3-9474-1A3956D46DE8}") = "03-Services", "03-Services", "{1797D0B9-FB54-480A-8255-E22994B681B5}"
EndProject
Project("{2150E333-8FDC-42A3-9474-1A3956D46DE8}") = "04-Infrastructure", "04-Infrastructure", "{B06441B7-EA7F-4D7F-93D6-A9BB1A6E1601}"
EndProject
Project("{FAE04EC0-301F-11D3-BF4B-00C04F79EFBC}") = "NSGE.Domain", "NSGE.Domain\NSGE.Domain.csproj", "{21AF6D57-71C2-4FAF-A0B4-C1A3B1F0FC79}"
EndProject
Project("{FAE04EC0-301F-11D3-BF4B-00C04F79EFBC}") = "NSGE.Services", "NSGE.Services\NSGE.Services.csproj", "{F447344F-2088-453A-9ED8-61993A6E830C}"
EndProject
Project("{FAE04EC0-301F-11D3-BF4B-00C04F79EFBC}") = "NSGE.Infrastructure", "NSGE.Infrastructure\NSGE.Infrastructure.csproj", "{6E3476F4-8487-4F84-9CF6-4D30BEB35C4D}"
EndProject
Project("{2150E333-8FDC-42A3-9474-1A3956D46DE8}") = "05-CrossCutting", "05-CrossCutting", "{27313E87-A0C9-45F0-B840-C9FDB64678C2}"
EndProject
Project("{FAE04EC0-301F-11D3-BF4B-00C04F79EFBC}") = "NSGE.CrossCutting", "NSGE.CrossCutting\NSGE.CrossCutting.csproj", "{CFFAC58F-17E8-4A3B-A280-BE50A8932505}"
EndProject
Global
	GlobalSection(SolutionConfigurationPlatforms) = preSolution
		Debug|Any CPU = Debug|Any CPU
		Release|Any CPU = Release|Any CPU
	EndGlobalSection
	GlobalSection(ProjectConfigurationPlatforms) = postSolution
		{1486FFCD-19D3-4DA2-95F0-31B7B787F2FD}.Debug|Any CPU.ActiveCfg = Debug|Any CPU
		{1486FFCD-19D3-4DA2-95F0-31B7B787F2FD}.Debug|Any CPU.Build.0 = Debug|Any CPU
		{1486FFCD-19D3-4DA2-95F0-31B7B787F2FD}.Release|Any CPU.ActiveCfg = Release|Any CPU
		{1486FFCD-19D3-4DA2-95F0-31B7B787F2FD}.Release|Any CPU.Build.0 = Release|Any CPU
		{21AF6D57-71C2-4FAF-A0B4-C1A3B1F0FC79}.Debug|Any CPU.ActiveCfg = Debug|Any CPU
		{21AF6D57-71C2-4FAF-A0B4-C1A3B1F0FC79}.Debug|Any CPU.Build.0 = Debug|Any CPU
		{21AF6D57-71C2-4FAF-A0B4-C1A3B1F0FC79}.Release|Any CPU.ActiveCfg = Release|Any CPU
		{21AF6D57-71C2-4FAF-A0B4-C1A3B1F0FC79}.Release|Any CPU.Build.0 = Release|Any CPU
		{F447344F-2088-453A-9ED8-61993A6E830C}.Debug|Any CPU.ActiveCfg = Debug|Any CPU
		{F447344F-2088-453A-9ED8-61993A6E830C}.Debug|Any CPU.Build.0 = Debug|Any CPU
		{F447344F-2088-453A-9ED8-61993A6E830C}.Release|Any CPU.ActiveCfg = Release|Any CPU
		{F447344F-2088-453A-9ED8-61993A6E830C}.Release|Any CPU.Build.0 = Release|Any CPU
		{6E3476F4-8487-4F84-9CF6-4D30BEB35C4D}.Debug|Any CPU.ActiveCfg = Debug|Any CPU
		{6E3476F4-8487-4F84-9CF6-4D30BEB35C4D}.Debug|Any CPU.Build.0 = Debug|Any CPU
		{6E3476F4-8487-4F84-9CF6-4D30BEB35C4D}.Release|Any CPU.ActiveCfg = Release|Any CPU
		{6E3476F4-8487-4F84-9CF6-4D30BEB35C4D}.Release|Any CPU.Build.0 = Release|Any CPU
		{CFFAC58F-17E8-4A3B-A280-BE50A8932505}.Debug|Any CPU.ActiveCfg = Debug|Any CPU
		{CFFAC58F-17E8-4A3B-A280-BE50A8932505}.Debug|Any CPU.Build.0 = Debug|Any CPU
		{CFFAC58F-17E8-4A3B-A280-BE50A8932505}.Release|Any CPU.ActiveCfg = Release|Any CPU
		{CFFAC58F-17E8-4A3B-A280-BE50A8932505}.Release|Any CPU.Build.0 = Release|Any CPU
	EndGlobalSection
	GlobalSection(SolutionProperties) = preSolution
		HideSolutionNode = FALSE
	EndGlobalSection
	GlobalSection(NestedProjects) = preSolution
		{88570DCC-49E3-4F99-8BF0-33A5F96376FD} = {9D470317-AFA0-4EA1-9DBB-1FFEDBEDF6E9}
		{1486FFCD-19D3-4DA2-95F0-31B7B787F2FD} = {88570DCC-49E3-4F99-8BF0-33A5F96376FD}
		{5ED30FBC-E0A1-4FE7-86A9-26C40E9BA1C7} = {9D470317-AFA0-4EA1-9DBB-1FFEDBEDF6E9}
		{1797D0B9-FB54-480A-8255-E22994B681B5} = {9D470317-AFA0-4EA1-9DBB-1FFEDBEDF6E9}
		{B06441B7-EA7F-4D7F-93D6-A9BB1A6E1601} = {9D470317-AFA0-4EA1-9DBB-1FFEDBEDF6E9}
		{21AF6D57-71C2-4FAF-A0B4-C1A3B1F0FC79} = {5ED30FBC-E0A1-4FE7-86A9-26C40E9BA1C7}
		{F447344F-2088-453A-9ED8-61993A6E830C} = {1797D0B9-FB54-480A-8255-E22994B681B5}
		{6E3476F4-8487-4F84-9CF6-4D30BEB35C4D} = {B06441B7-EA7F-4D7F-93D6-A9BB1A6E1601}
		{27313E87-A0C9-45F0-B840-C9FDB64678C2} = {9D470317-AFA0-4EA1-9DBB-1FFEDBEDF6E9}
		{CFFAC58F-17E8-4A3B-A280-BE50A8932505} = {27313E87-A0C9-45F0-B840-C9FDB64678C2}
	EndGlobalSection
	GlobalSection(ExtensibilityGlobals) = postSolution
		SolutionGuid = {1BA6ADF7-53C9-4FAE-A226-2B7E2AE86C76}
	EndGlobalSection
EndGlobal
